
Microsoft Visual Studio Solution File, Format Version 12.00
# Visual Studio Version 17
VisualStudioVersion = 17.1.32210.238
MinimumVisualStudioVersion = 10.0.40219.1
Project("{FAE04EC0-301F-11D3-BF4B-00C04F79EFBC}") = "MvcNews", "MvcNews\MvcNews.csproj", "{D8CE8446-068D-4564-9825-C51D8CDE634A}"
EndProject
Global
	GlobalSection(SolutionConfigurationPlatforms) = preSolution
		Debug|Any CPU = Debug|Any CPU
		Release|Any CPU = Release|Any CPU
	EndGlobalSection
	GlobalSection(ProjectConfigurationPlatforms) = postSolution
		{D8CE8446-068D-4564-9825-C51D8CDE634A}.Debug|Any CPU.ActiveCfg = Debug|Any CPU
		{D8CE8446-068D-4564-9825-C51D8CDE634A}.Debug|Any CPU.Build.0 = Debug|Any CPU
		{D8CE8446-068D-4564-9825-C51D8CDE634A}.Release|Any CPU.ActiveCfg = Release|Any CPU
		{D8CE8446-068D-4564-9825-C51D8CDE634A}.Release|Any CPU.Build.0 = Release|Any CPU
	EndGlobalSection
	GlobalSection(SolutionProperties) = preSolution
		HideSolutionNode = FALSE
	EndGlobalSection
	GlobalSection(ExtensibilityGlobals) = postSolution
		SolutionGuid = {23B7AF80-62DF-4C9C-AAFD-1FF6B0E070EF}
	EndGlobalSection
EndGlobal
