
Microsoft Visual Studio Solution File, Format Version 12.00
# Visual Studio Version 17
VisualStudioVersion = 17.2.32516.85
MinimumVisualStudioVersion = 10.0.40219.1
Project("{FAE04EC0-301F-11D3-BF4B-00C04F79EFBC}") = "CompanyApi", "CompanyApi\CompanyApi.csproj", "{FC5396BC-6BCB-4920-B414-18D063C4639A}"
EndProject
Global
	GlobalSection(SolutionConfigurationPlatforms) = preSolution
		Debug|Any CPU = Debug|Any CPU
		Release|Any CPU = Release|Any CPU
	EndGlobalSection
	GlobalSection(ProjectConfigurationPlatforms) = postSolution
		{FC5396BC-6BCB-4920-B414-18D063C4639A}.Debug|Any CPU.ActiveCfg = Debug|Any CPU
		{FC5396BC-6BCB-4920-B414-18D063C4639A}.Debug|Any CPU.Build.0 = Debug|Any CPU
		{FC5396BC-6BCB-4920-B414-18D063C4639A}.Release|Any CPU.ActiveCfg = Release|Any CPU
		{FC5396BC-6BCB-4920-B414-18D063C4639A}.Release|Any CPU.Build.0 = Release|Any CPU
	EndGlobalSection
	GlobalSection(SolutionProperties) = preSolution
		HideSolutionNode = FALSE
	EndGlobalSection
	GlobalSection(ExtensibilityGlobals) = postSolution
		SolutionGuid = {6F4CC159-1B9A-4A8C-8A98-734AF62E0810}
	EndGlobalSection
EndGlobal
